{
  "version": "3",
  "packages": {
    "specifiers": {
      "jsr:@david/which@^0.4.1": "jsr:@david/which@0.4.1",
      "jsr:@std/assert@^1.0.4": "jsr:@std/assert@1.0.4",
      "jsr:@std/internal@^1.0.3": "jsr:@std/internal@1.0.3",
      "jsr:@std/path@^1.0.4": "jsr:@std/path@1.0.4",
      "npm:@types/node": "npm:@types/node@18.16.19"
    },
    "jsr": {
      "@david/which@0.4.1": {
        "integrity": "896a682b111f92ab866cc70c5b4afab2f5899d2f9bde31ed00203b9c250f225e"
      },
      "@std/assert@1.0.4": {
        "integrity": "d4c767ea578e5bc09c15b6e503376003e5b2d1f4c0cdf08524a92101ff4d7b96",
        "dependencies": [
          "jsr:@std/internal@^1.0.3"
        ]
      },
      "@std/internal@1.0.3": {
        "integrity": "208e9b94a3d5649bd880e9ca38b885ab7651ab5b5303a56ed25de4755fb7b11e"
      },
      "@std/path@1.0.4": {
        "integrity": "48dd5d8389bcfcd619338a01bdf862cb7799933390146a54ae59356a0acc7105"
      }
    },
    "npm": {
      "@types/node@18.16.19": {
        "integrity": "sha512-IXl7o+R9iti9eBW4Wg2hx1xQDig183jj7YLn8F7udNceyfkbn1ZxmzZXuak20gR40D7pIkIY1kYGx5VIGbaHKA==",
        "dependencies": {}
      }
    }
  },
  "remote": {},
  "workspace": {
    "dependencies": [
      "jsr:@david/which@^0.4.1",
      "jsr:@std/assert@^1.0.4",
      "jsr:@std/path@^1.0.4"
    ]
  }
}
