{
  "version": "3",
  "packages": {
    "specifiers": {
      "jsr:@cliffy/ansi@1.0.0-rc.5": "jsr:@cliffy/ansi@1.0.0-rc.5",
      "jsr:@cliffy/internal@1.0.0-rc.5": "jsr:@cliffy/internal@1.0.0-rc.5",
      "jsr:@cliffy/keycode@1.0.0-rc.5": "jsr:@cliffy/keycode@1.0.0-rc.5",
      "jsr:@cliffy/prompt@1.0.0-rc.5": "jsr:@cliffy/prompt@1.0.0-rc.5",
      "jsr:@david/dax@^0.42.0": "jsr:@david/dax@0.42.0",
      "jsr:@david/path@0.2": "jsr:@david/path@0.2.0",
      "jsr:@david/which@^0.4.1": "jsr:@david/which@0.4.1",
      "jsr:@david/which@~0.4.1": "jsr:@david/which@0.4.1",
      "jsr:@std/assert@1.0.0-rc.2": "jsr:@std/assert@1.0.0-rc.2",
      "jsr:@std/assert@^0.221.0": "jsr:@std/assert@0.221.0",
      "jsr:@std/bytes@^0.221.0": "jsr:@std/bytes@0.221.0",
      "jsr:@std/encoding@1.0.0-rc.2": "jsr:@std/encoding@1.0.0-rc.2",
      "jsr:@std/fmt@1": "jsr:@std/fmt@1.0.2",
      "jsr:@std/fmt@~0.225.4": "jsr:@std/fmt@0.225.6",
      "jsr:@std/fs@1": "jsr:@std/fs@1.0.3",
      "jsr:@std/fs@^1": "jsr:@std/fs@1.0.3",
      "jsr:@std/io@0.221": "jsr:@std/io@0.221.0",
      "jsr:@std/io@^0.221.0": "jsr:@std/io@0.221.0",
      "jsr:@std/io@~0.224.2": "jsr:@std/io@0.224.8",
      "jsr:@std/path@1": "jsr:@std/path@1.0.6",
      "jsr:@std/path@1.0.0-rc.2": "jsr:@std/path@1.0.0-rc.2",
      "jsr:@std/path@^1": "jsr:@std/path@1.0.6",
      "jsr:@std/path@^1.0.4": "jsr:@std/path@1.0.6",
      "jsr:@std/streams@0.221": "jsr:@std/streams@0.221.0",
      "jsr:@std/text@1.0.0-rc.1": "jsr:@std/text@1.0.0-rc.1",
      "npm:@types/node": "npm:@types/node@18.16.19"
    },
    "jsr": {
      "@cliffy/ansi@1.0.0-rc.5": {
        "integrity": "85a4dba4da5d8278dcdfeea98672cd15706c244833f82edc60c61f410d9fc1a9",
        "dependencies": [
          "jsr:@cliffy/internal@1.0.0-rc.5",
          "jsr:@std/encoding@1.0.0-rc.2",
          "jsr:@std/io@~0.224.2"
        ]
      },
      "@cliffy/internal@1.0.0-rc.5": {
        "integrity": "1e8dca4fcfba1815bf1a899bb880e09f8b45284c352465ef8fb015887c1fc126"
      },
      "@cliffy/keycode@1.0.0-rc.5": {
        "integrity": "2bcb3cb13873f0b758664394e003fc0cfa751af37a076ca9ec6e574df77aa3a8"
      },
      "@cliffy/prompt@1.0.0-rc.5": {
        "integrity": "3573a4c5c460fc84dcc554e548acfc2616157b60a61a9781833967c5a76da9f0",
        "dependencies": [
          "jsr:@cliffy/ansi@1.0.0-rc.5",
          "jsr:@cliffy/internal@1.0.0-rc.5",
          "jsr:@cliffy/keycode@1.0.0-rc.5",
          "jsr:@std/assert@1.0.0-rc.2",
          "jsr:@std/fmt@~0.225.4",
          "jsr:@std/io@~0.224.2",
          "jsr:@std/path@1.0.0-rc.2",
          "jsr:@std/text@1.0.0-rc.1"
        ]
      },
      "@david/dax@0.42.0": {
        "integrity": "0c547c9a20577a6072b90def194c159c9ddab82280285ebfd8268a4ebefbd80b",
        "dependencies": [
          "jsr:@david/path@0.2",
          "jsr:@david/which@~0.4.1",
          "jsr:@std/fmt@1",
          "jsr:@std/fs@1",
          "jsr:@std/io@0.221",
          "jsr:@std/path@1",
          "jsr:@std/streams@0.221"
        ]
      },
      "@david/path@0.2.0": {
        "integrity": "f2d7aa7f02ce5a55e27c09f9f1381794acb09d328f8d3c8a2e3ab3ffc294dccd",
        "dependencies": [
          "jsr:@std/fs@^1",
          "jsr:@std/path@^1"
        ]
      },
      "@david/which@0.4.1": {
        "integrity": "896a682b111f92ab866cc70c5b4afab2f5899d2f9bde31ed00203b9c250f225e"
      },
      "@std/assert@0.221.0": {
        "integrity": "a5f1aa6e7909dbea271754fd4ab3f4e687aeff4873b4cef9a320af813adb489a"
      },
      "@std/assert@1.0.0-rc.2": {
        "integrity": "0484eab1d76b55fca1c3beaff485a274e67dd3b9f065edcbe70030dfc0b964d3"
      },
      "@std/bytes@0.221.0": {
        "integrity": "64a047011cf833890a4a2ab7293ac55a1b4f5a050624ebc6a0159c357de91966"
      },
      "@std/encoding@1.0.0-rc.2": {
        "integrity": "160d7674a20ebfbccdf610b3801fee91cf6e42d1c106dd46bbaf46e395cd35ef"
      },
      "@std/fmt@0.225.6": {
        "integrity": "aba6aea27f66813cecfd9484e074a9e9845782ab0685c030e453a8a70b37afc8"
      },
      "@std/fmt@1.0.2": {
        "integrity": "87e9dfcdd3ca7c066e0c3c657c1f987c82888eb8103a3a3baa62684ffeb0f7a7"
      },
      "@std/fs@1.0.3": {
        "integrity": "3cb839b1360b0a42d8b367c3093bfe4071798e6694fa44cf1963e04a8edba4fe",
        "dependencies": [
          "jsr:@std/path@^1.0.4"
        ]
      },
      "@std/io@0.221.0": {
        "integrity": "faf7f8700d46ab527fa05cc6167f4b97701a06c413024431c6b4d207caa010da",
        "dependencies": [
          "jsr:@std/assert@^0.221.0",
          "jsr:@std/bytes@^0.221.0"
        ]
      },
      "@std/io@0.224.8": {
        "integrity": "f525d05d51fd873de6352b9afcf35cab9ab5dc448bf3c20e0c8b521ded9be392"
      },
      "@std/path@1.0.0-rc.2": {
        "integrity": "39f20d37a44d1867abac8d91c169359ea6e942237a45a99ee1e091b32b921c7d"
      },
      "@std/path@1.0.6": {
        "integrity": "ab2c55f902b380cf28e0eec501b4906e4c1960d13f00e11cfbcd21de15f18fed"
      },
      "@std/streams@0.221.0": {
        "integrity": "47f2f74634b47449277c0ee79fe878da4424b66bd8975c032e3afdca88986e61",
        "dependencies": [
          "jsr:@std/io@^0.221.0"
        ]
      },
      "@std/text@1.0.0-rc.1": {
        "integrity": "34c722203e87ee12792c8d4a0cd2ee0e001341cbce75b860fc21be19d62232b0"
      }
    },
    "npm": {
      "@types/node@18.16.19": {
        "integrity": "sha512-IXl7o+R9iti9eBW4Wg2hx1xQDig183jj7YLn8F7udNceyfkbn1ZxmzZXuak20gR40D7pIkIY1kYGx5VIGbaHKA==",
        "dependencies": {}
      }
    }
  },
  "remote": {},
  "workspace": {
    "dependencies": [
      "jsr:@david/dax@^0.42.0",
      "jsr:@david/which@^0.4.1",
      "jsr:@std/path@^1.0.4"
    ]
  }
}
