{
  "version": "5",
  "specifiers": {
    "jsr:@david/console-static-text@0.3": "0.3.0",
    "jsr:@david/dax@0.44": "0.44.1",
    "jsr:@david/path@0.2": "0.2.0",
    "jsr:@david/which@~0.4.1": "0.4.1",
    "jsr:@denosaurs/plug@1.0.5": "1.0.5",
    "jsr:@nathanwhit/promptly@~0.1.2": "0.1.2",
    "jsr:@sigma/pty-ffi@0.26": "0.26.4",
    "jsr:@std/assert@0.214": "0.214.0",
    "jsr:@std/assert@^1.0.8": "1.0.16",
    "jsr:@std/bytes@^1.0.5": "1.0.6",
    "jsr:@std/cli@^1.0.6": "1.0.24",
    "jsr:@std/encoding@0.214": "0.214.0",
    "jsr:@std/fmt@0.214": "0.214.0",
    "jsr:@std/fmt@1": "1.0.8",
    "jsr:@std/fmt@^1.0.2": "1.0.8",
    "jsr:@std/fs@0.214": "0.214.0",
    "jsr:@std/fs@1": "1.0.20",
    "jsr:@std/fs@^1.0.20": "1.0.20",
    "jsr:@std/internal@^1.0.12": "1.0.12",
    "jsr:@std/io@0.225": "0.225.2",
    "jsr:@std/path@0.214": "0.214.0",
    "jsr:@std/path@1": "1.1.3",
    "jsr:@std/path@^1.0.4": "1.1.3",
    "jsr:@std/path@^1.1.3": "1.1.3",
    "npm:@types/node@*": "24.10.2"
  },
  "jsr": {
    "@david/console-static-text@0.3.0": {
      "integrity": "2dfb46ecee525755f7989f94ece30bba85bd8ffe3e8666abc1bf926e1ee0698d"
    },
    "@david/dax@0.44.1": {
      "integrity": "200cbb2f85d833e657acd50dfceb92aa6c5330a48dd36e85e4e9f6a3a457609c",
      "dependencies": [
        "jsr:@david/console-static-text",
        "jsr:@david/path",
        "jsr:@david/which",
        "jsr:@std/fmt@1",
        "jsr:@std/fs@^1.0.20",
        "jsr:@std/io",
        "jsr:@std/path@1"
      ]
    },
    "@david/path@0.2.0": {
      "integrity": "f2d7aa7f02ce5a55e27c09f9f1381794acb09d328f8d3c8a2e3ab3ffc294dccd",
      "dependencies": [
        "jsr:@std/fs@1",
        "jsr:@std/path@1"
      ]
    },
    "@david/which@0.4.1": {
      "integrity": "896a682b111f92ab866cc70c5b4afab2f5899d2f9bde31ed00203b9c250f225e"
    },
    "@denosaurs/plug@1.0.5": {
      "integrity": "04cd988da558adc226202d88c3a434d5fcc08146eaf4baf0cea0c2284b16d2bf",
      "dependencies": [
        "jsr:@std/encoding",
        "jsr:@std/fmt@0.214",
        "jsr:@std/fs@0.214",
        "jsr:@std/path@0.214"
      ]
    },
    "@nathanwhit/promptly@0.1.2": {
      "integrity": "f434ebd37b103e2b9c5569578fb531c855c39980d1b186c0f508aaefe4060d06",
      "dependencies": [
        "jsr:@std/fmt@^1.0.2"
      ]
    },
    "@sigma/pty-ffi@0.26.4": {
      "integrity": "94c7e81bed356a166591a9b4aa79b5e39b430270b97a5647575d84d39094c6f9",
      "dependencies": [
        "jsr:@denosaurs/plug"
      ]
    },
    "@std/assert@0.214.0": {
      "integrity": "55d398de76a9828fd3b1aa653f4dba3eee4c6985d90c514865d2be9bd082b140"
    },
    "@std/assert@1.0.16": {
      "integrity": "6a7272ed1eaa77defe76e5ff63ca705d9c495077e2d5fd0126d2b53fc5bd6532",
      "dependencies": [
        "jsr:@std/internal"
      ]
    },
    "@std/bytes@1.0.6": {
      "integrity": "f6ac6adbd8ccd99314045f5703e23af0a68d7f7e58364b47d2c7f408aeb5820a"
    },
    "@std/cli@1.0.24": {
      "integrity": "b655a5beb26aa94f98add6bc8889f5fb9bc3ee2cc3fc954e151201f4c4200a5e",
      "dependencies": [
        "jsr:@std/internal"
      ]
    },
    "@std/encoding@0.214.0": {
      "integrity": "30a8713e1db22986c7e780555ffd2fefd1d4f9374d734bb41f5970f6c3352af5"
    },
    "@std/fmt@0.214.0": {
      "integrity": "40382cff88a0783b347b4d69b94cf931ab8e549a733916718cb866c08efac4d4"
    },
    "@std/fmt@1.0.8": {
      "integrity": "71e1fc498787e4434d213647a6e43e794af4fd393ef8f52062246e06f7e372b7"
    },
    "@std/fs@0.214.0": {
      "integrity": "bc880fea0be120cb1550b1ed7faf92fe071003d83f2456a1e129b39193d85bea",
      "dependencies": [
        "jsr:@std/assert@0.214",
        "jsr:@std/path@0.214"
      ]
    },
    "@std/fs@1.0.20": {
      "integrity": "e953206aae48d46ee65e8783ded459f23bec7dd1f3879512911c35e5484ea187",
      "dependencies": [
        "jsr:@std/internal",
        "jsr:@std/path@^1.1.3"
      ]
    },
    "@std/internal@1.0.12": {
      "integrity": "972a634fd5bc34b242024402972cd5143eac68d8dffaca5eaa4dba30ce17b027"
    },
    "@std/io@0.225.2": {
      "integrity": "3c740cd4ee4c082e6cfc86458f47e2ab7cb353dc6234d5e9b1f91a2de5f4d6c7",
      "dependencies": [
        "jsr:@std/bytes"
      ]
    },
    "@std/path@0.214.0": {
      "integrity": "d5577c0b8d66f7e8e3586d864ebdf178bb326145a3611da5a51c961740300285",
      "dependencies": [
        "jsr:@std/assert@0.214"
      ]
    },
    "@std/path@1.1.3": {
      "integrity": "b015962d82a5e6daea980c32b82d2c40142149639968549c649031a230b1afb3",
      "dependencies": [
        "jsr:@std/internal"
      ]
    }
  },
  "npm": {
    "@types/node@24.10.2": {
      "integrity": "sha512-WOhQTZ4G8xZ1tjJTvKOpyEVSGgOTvJAfDK3FNFgELyaTpzhdgHVHeqW8V+UJvzF5BT+/B54T/1S2K6gd9c7bbA==",
      "dependencies": [
        "undici-types"
      ]
    },
    "undici-types@7.16.0": {
      "integrity": "sha512-Zz+aZWSj8LE6zoxD+xrjh4VfkIG8Ya6LvYkZqtUQGJPZjYl53ypCaUwWqo7eI0x66KBGeRo+mlBEkMSeSZ38Nw=="
    }
  },
  "workspace": {
    "dependencies": [
      "jsr:@david/dax@0.44",
      "jsr:@sigma/pty-ffi@0.26",
      "jsr:@std/assert@^1.0.8"
    ],
    "members": {
      "shell-setup": {
        "dependencies": [
          "jsr:@david/which@~0.4.1",
          "jsr:@nathanwhit/promptly@~0.1.2",
          "jsr:@std/cli@^1.0.6",
          "jsr:@std/path@^1.0.4",
          "npm:@types/node@*"
        ]
      }
    }
  }
}
